
Microsoft Visual Studio Solution File, Format Version 12.00
# Visual Studio 2012
Project("{FAE04EC0-301F-11D3-BF4B-00C04F79EFBC}") = "FormsSample", "FormsSample.csproj", "{2C99D1B1-9C08-4B8B-BBF5-A668EA40AD7C}"
EndProject
Project("{FAE04EC0-301F-11D3-BF4B-00C04F79EFBC}") = "FormsSample.iOS", "iOS\FormsSample.iOS.csproj", "{BD1F97C5-7270-4755-ACEA-E67631E2D34E}"
EndProject
Project("{FAE04EC0-301F-11D3-BF4B-00C04F79EFBC}") = "FormsSample.Droid", "Droid\FormsSample.Droid.csproj", "{7C271536-FB1D-4CC5-9A48-3816325C3340}"
EndProject
Project("{FAE04EC0-301F-11D3-BF4B-00C04F79EFBC}") = "FabricSdk", "..\..\Sources\FabricSdk\FabricSdk.csproj", "{BB4053FC-3695-490A-83E8-631F0BE6B5EE}"
EndProject
Project("{FAE04EC0-301F-11D3-BF4B-00C04F79EFBC}") = "AnswersKit", "..\..\Sources\AnswersKit\AnswersKit.csproj", "{B2D1B367-2FEF-4B8E-9DA7-BC858A24A206}"
EndProject
Project("{FAE04EC0-301F-11D3-BF4B-00C04F79EFBC}") = "AnswersKit.Droid", "..\..\Sources\AnswersKit.Droid\AnswersKit.Droid.csproj", "{F4E6BC88-6C89-4DBB-818F-4F93007E74E9}"
EndProject
Project("{FAE04EC0-301F-11D3-BF4B-00C04F79EFBC}") = "AnswersKit.Pcl", "..\..\Sources\AnswersKit.Pcl\AnswersKit.Pcl.csproj", "{48B775C0-ADB4-407B-A7A3-E8A9651648CC}"
EndProject
Project("{FAE04EC0-301F-11D3-BF4B-00C04F79EFBC}") = "AnswersKit.Touch", "..\..\Sources\AnswersKit.Touch\AnswersKit.Touch.csproj", "{ABC80958-4060-45EC-90C2-83BCDC85C64B}"
EndProject
Project("{FAE04EC0-301F-11D3-BF4B-00C04F79EFBC}") = "CrashlyticsKit", "..\..\Sources\CrashlyticsKit\CrashlyticsKit.csproj", "{196AD8C6-5A66-413F-B5F7-FD8030FEDA84}"
EndProject
Project("{FAE04EC0-301F-11D3-BF4B-00C04F79EFBC}") = "CrashlyticsKit.Answers.Touch", "..\..\Sources\CrashlyticsKit.Answers.Touch\CrashlyticsKit.Answers.Touch.csproj", "{1587379F-4BE6-4651-BD52-5AF818C2EC74}"
EndProject
Project("{FAE04EC0-301F-11D3-BF4B-00C04F79EFBC}") = "CrashlyticsKit.Droid", "..\..\Sources\CrashlyticsKit.Droid\CrashlyticsKit.Droid.csproj", "{A24629AF-44AE-4337-A6E3-6929086BF613}"
EndProject
Project("{FAE04EC0-301F-11D3-BF4B-00C04F79EFBC}") = "CrashlyticsKit.Pcl", "..\..\Sources\CrashlyticsKit.Pcl\CrashlyticsKit.Pcl.csproj", "{24D9125B-B978-48B3-8A76-141F1E3FDECE}"
EndProject
Project("{FAE04EC0-301F-11D3-BF4B-00C04F79EFBC}") = "CrashlyticsKit.Touch", "..\..\Sources\CrashlyticsKit.Touch\CrashlyticsKit.Touch.csproj", "{A2E3193C-E2D9-48B4-8062-0AC5BD13D7A7}"
EndProject
Project("{FAE04EC0-301F-11D3-BF4B-00C04F79EFBC}") = "DigitsKit", "..\..\Sources\DigitsKit\DigitsKit.csproj", "{7659F3DB-A196-43D2-B897-0ECEB935E961}"
EndProject
Project("{FAE04EC0-301F-11D3-BF4B-00C04F79EFBC}") = "DigitsKit.Droid", "..\..\Sources\DigitsKit.Droid\DigitsKit.Droid.csproj", "{830E413C-C426-4A06-9FB2-F8FF5D317F2E}"
EndProject
Project("{FAE04EC0-301F-11D3-BF4B-00C04F79EFBC}") = "DigitsKit.Pcl", "..\..\Sources\DigitsKit.Pcl\DigitsKit.Pcl.csproj", "{964823A7-BE1B-4DB3-8804-5AAE669E7595}"
EndProject
Project("{FAE04EC0-301F-11D3-BF4B-00C04F79EFBC}") = "DigitsKit.Touch", "..\..\Sources\DigitsKit.Touch\DigitsKit.Touch.csproj", "{D854DB53-C43F-4F63-8683-ABB4B28DA370}"
EndProject
Project("{FAE04EC0-301F-11D3-BF4B-00C04F79EFBC}") = "FabricSdk.Droid", "..\..\Sources\FabricSdk.Droid\FabricSdk.Droid.csproj", "{8FA30B29-B1D2-42F9-A226-0701F61FC037}"
EndProject
Project("{FAE04EC0-301F-11D3-BF4B-00C04F79EFBC}") = "FabricSdk.Touch", "..\..\Sources\FabricSdk.Touch\FabricSdk.Touch.csproj", "{C1FD9FD1-5A2E-4C7B-95C8-0463BF597506}"
EndProject
Project("{FAE04EC0-301F-11D3-BF4B-00C04F79EFBC}") = "FabricSdk.Pcl", "..\..\Sources\FabricSdk.Pcl\FabricSdk.Pcl.csproj", "{1D9C8AE4-2AE4-4276-AEB2-5A8363FFD8D7}"
EndProject
Project("{FAE04EC0-301F-11D3-BF4B-00C04F79EFBC}") = "TwitterCore.Droid", "..\..\Sources\TwitterCore.Droid\TwitterCore.Droid.csproj", "{2E690E9F-AF91-435E-9A10-1B2762E631DB}"
EndProject
Global
	GlobalSection(SolutionConfigurationPlatforms) = preSolution
		Debug|Any CPU = Debug|Any CPU
		Release|Any CPU = Release|Any CPU
		Debug|iPhoneSimulator = Debug|iPhoneSimulator
		Release|iPhone = Release|iPhone
		Release|iPhoneSimulator = Release|iPhoneSimulator
		Debug|iPhone = Debug|iPhone
	EndGlobalSection
	GlobalSection(ProjectConfigurationPlatforms) = postSolution
		{2C99D1B1-9C08-4B8B-BBF5-A668EA40AD7C}.Debug|Any CPU.ActiveCfg = Debug|Any CPU
		{2C99D1B1-9C08-4B8B-BBF5-A668EA40AD7C}.Debug|Any CPU.Build.0 = Debug|Any CPU
		{2C99D1B1-9C08-4B8B-BBF5-A668EA40AD7C}.Release|Any CPU.ActiveCfg = Release|Any CPU
		{2C99D1B1-9C08-4B8B-BBF5-A668EA40AD7C}.Release|Any CPU.Build.0 = Release|Any CPU
		{2C99D1B1-9C08-4B8B-BBF5-A668EA40AD7C}.Debug|iPhoneSimulator.ActiveCfg = Debug|Any CPU
		{2C99D1B1-9C08-4B8B-BBF5-A668EA40AD7C}.Debug|iPhoneSimulator.Build.0 = Debug|Any CPU
		{2C99D1B1-9C08-4B8B-BBF5-A668EA40AD7C}.Release|iPhone.ActiveCfg = Release|Any CPU
		{2C99D1B1-9C08-4B8B-BBF5-A668EA40AD7C}.Release|iPhone.Build.0 = Release|Any CPU
		{2C99D1B1-9C08-4B8B-BBF5-A668EA40AD7C}.Release|iPhoneSimulator.ActiveCfg = Release|Any CPU
		{2C99D1B1-9C08-4B8B-BBF5-A668EA40AD7C}.Release|iPhoneSimulator.Build.0 = Release|Any CPU
		{2C99D1B1-9C08-4B8B-BBF5-A668EA40AD7C}.Debug|iPhone.ActiveCfg = Debug|Any CPU
		{2C99D1B1-9C08-4B8B-BBF5-A668EA40AD7C}.Debug|iPhone.Build.0 = Debug|Any CPU
		{BD1F97C5-7270-4755-ACEA-E67631E2D34E}.Debug|Any CPU.ActiveCfg = Debug|iPhoneSimulator
		{BD1F97C5-7270-4755-ACEA-E67631E2D34E}.Debug|Any CPU.Build.0 = Debug|iPhoneSimulator
		{BD1F97C5-7270-4755-ACEA-E67631E2D34E}.Release|Any CPU.ActiveCfg = Debug|iPhoneSimulator
		{BD1F97C5-7270-4755-ACEA-E67631E2D34E}.Release|Any CPU.Build.0 = Debug|iPhoneSimulator
		{BD1F97C5-7270-4755-ACEA-E67631E2D34E}.Debug|iPhoneSimulator.ActiveCfg = Debug|iPhoneSimulator
		{BD1F97C5-7270-4755-ACEA-E67631E2D34E}.Debug|iPhoneSimulator.Build.0 = Debug|iPhoneSimulator
		{BD1F97C5-7270-4755-ACEA-E67631E2D34E}.Release|iPhone.ActiveCfg = Release|iPhone
		{BD1F97C5-7270-4755-ACEA-E67631E2D34E}.Release|iPhone.Build.0 = Release|iPhone
		{BD1F97C5-7270-4755-ACEA-E67631E2D34E}.Release|iPhoneSimulator.ActiveCfg = Release|iPhoneSimulator
		{BD1F97C5-7270-4755-ACEA-E67631E2D34E}.Release|iPhoneSimulator.Build.0 = Release|iPhoneSimulator
		{BD1F97C5-7270-4755-ACEA-E67631E2D34E}.Debug|iPhone.ActiveCfg = Debug|iPhone
		{BD1F97C5-7270-4755-ACEA-E67631E2D34E}.Debug|iPhone.Build.0 = Debug|iPhone
		{7C271536-FB1D-4CC5-9A48-3816325C3340}.Debug|Any CPU.ActiveCfg = Debug|Any CPU
		{7C271536-FB1D-4CC5-9A48-3816325C3340}.Debug|Any CPU.Build.0 = Debug|Any CPU
		{7C271536-FB1D-4CC5-9A48-3816325C3340}.Release|Any CPU.ActiveCfg = Release|Any CPU
		{7C271536-FB1D-4CC5-9A48-3816325C3340}.Release|Any CPU.Build.0 = Release|Any CPU
		{7C271536-FB1D-4CC5-9A48-3816325C3340}.Debug|iPhoneSimulator.ActiveCfg = Debug|Any CPU
		{7C271536-FB1D-4CC5-9A48-3816325C3340}.Debug|iPhoneSimulator.Build.0 = Debug|Any CPU
		{7C271536-FB1D-4CC5-9A48-3816325C3340}.Release|iPhone.ActiveCfg = Release|Any CPU
		{7C271536-FB1D-4CC5-9A48-3816325C3340}.Release|iPhone.Build.0 = Release|Any CPU
		{7C271536-FB1D-4CC5-9A48-3816325C3340}.Release|iPhoneSimulator.ActiveCfg = Release|Any CPU
		{7C271536-FB1D-4CC5-9A48-3816325C3340}.Release|iPhoneSimulator.Build.0 = Release|Any CPU
		{7C271536-FB1D-4CC5-9A48-3816325C3340}.Debug|iPhone.ActiveCfg = Debug|Any CPU
		{7C271536-FB1D-4CC5-9A48-3816325C3340}.Debug|iPhone.Build.0 = Debug|Any CPU
		{BB4053FC-3695-490A-83E8-631F0BE6B5EE}.Debug|Any CPU.ActiveCfg = Debug|Any CPU
		{BB4053FC-3695-490A-83E8-631F0BE6B5EE}.Debug|Any CPU.Build.0 = Debug|Any CPU
		{BB4053FC-3695-490A-83E8-631F0BE6B5EE}.Release|Any CPU.ActiveCfg = Release|Any CPU
		{BB4053FC-3695-490A-83E8-631F0BE6B5EE}.Release|Any CPU.Build.0 = Release|Any CPU
		{BB4053FC-3695-490A-83E8-631F0BE6B5EE}.Debug|iPhoneSimulator.ActiveCfg = Debug|Any CPU
		{BB4053FC-3695-490A-83E8-631F0BE6B5EE}.Debug|iPhoneSimulator.Build.0 = Debug|Any CPU
		{BB4053FC-3695-490A-83E8-631F0BE6B5EE}.Release|iPhone.ActiveCfg = Release|Any CPU
		{BB4053FC-3695-490A-83E8-631F0BE6B5EE}.Release|iPhone.Build.0 = Release|Any CPU
		{BB4053FC-3695-490A-83E8-631F0BE6B5EE}.Release|iPhoneSimulator.ActiveCfg = Release|Any CPU
		{BB4053FC-3695-490A-83E8-631F0BE6B5EE}.Release|iPhoneSimulator.Build.0 = Release|Any CPU
		{BB4053FC-3695-490A-83E8-631F0BE6B5EE}.Debug|iPhone.ActiveCfg = Debug|Any CPU
		{BB4053FC-3695-490A-83E8-631F0BE6B5EE}.Debug|iPhone.Build.0 = Debug|Any CPU
		{B2D1B367-2FEF-4B8E-9DA7-BC858A24A206}.Debug|Any CPU.ActiveCfg = Debug|Any CPU
		{B2D1B367-2FEF-4B8E-9DA7-BC858A24A206}.Debug|Any CPU.Build.0 = Debug|Any CPU
		{B2D1B367-2FEF-4B8E-9DA7-BC858A24A206}.Release|Any CPU.ActiveCfg = Release|Any CPU
		{B2D1B367-2FEF-4B8E-9DA7-BC858A24A206}.Release|Any CPU.Build.0 = Release|Any CPU
		{B2D1B367-2FEF-4B8E-9DA7-BC858A24A206}.Debug|iPhoneSimulator.ActiveCfg = Debug|Any CPU
		{B2D1B367-2FEF-4B8E-9DA7-BC858A24A206}.Debug|iPhoneSimulator.Build.0 = Debug|Any CPU
		{B2D1B367-2FEF-4B8E-9DA7-BC858A24A206}.Release|iPhone.ActiveCfg = Release|Any CPU
		{B2D1B367-2FEF-4B8E-9DA7-BC858A24A206}.Release|iPhone.Build.0 = Release|Any CPU
		{B2D1B367-2FEF-4B8E-9DA7-BC858A24A206}.Release|iPhoneSimulator.ActiveCfg = Release|Any CPU
		{B2D1B367-2FEF-4B8E-9DA7-BC858A24A206}.Release|iPhoneSimulator.Build.0 = Release|Any CPU
		{B2D1B367-2FEF-4B8E-9DA7-BC858A24A206}.Debug|iPhone.ActiveCfg = Debug|Any CPU
		{B2D1B367-2FEF-4B8E-9DA7-BC858A24A206}.Debug|iPhone.Build.0 = Debug|Any CPU
		{F4E6BC88-6C89-4DBB-818F-4F93007E74E9}.Debug|Any CPU.ActiveCfg = Debug|Any CPU
		{F4E6BC88-6C89-4DBB-818F-4F93007E74E9}.Debug|Any CPU.Build.0 = Debug|Any CPU
		{F4E6BC88-6C89-4DBB-818F-4F93007E74E9}.Release|Any CPU.ActiveCfg = Release|Any CPU
		{F4E6BC88-6C89-4DBB-818F-4F93007E74E9}.Release|Any CPU.Build.0 = Release|Any CPU
		{F4E6BC88-6C89-4DBB-818F-4F93007E74E9}.Debug|iPhoneSimulator.ActiveCfg = Debug|Any CPU
		{F4E6BC88-6C89-4DBB-818F-4F93007E74E9}.Debug|iPhoneSimulator.Build.0 = Debug|Any CPU
		{F4E6BC88-6C89-4DBB-818F-4F93007E74E9}.Release|iPhone.ActiveCfg = Release|Any CPU
		{F4E6BC88-6C89-4DBB-818F-4F93007E74E9}.Release|iPhone.Build.0 = Release|Any CPU
		{F4E6BC88-6C89-4DBB-818F-4F93007E74E9}.Release|iPhoneSimulator.ActiveCfg = Release|Any CPU
		{F4E6BC88-6C89-4DBB-818F-4F93007E74E9}.Release|iPhoneSimulator.Build.0 = Release|Any CPU
		{F4E6BC88-6C89-4DBB-818F-4F93007E74E9}.Debug|iPhone.ActiveCfg = Debug|Any CPU
		{F4E6BC88-6C89-4DBB-818F-4F93007E74E9}.Debug|iPhone.Build.0 = Debug|Any CPU
		{48B775C0-ADB4-407B-A7A3-E8A9651648CC}.Debug|Any CPU.ActiveCfg = Debug|Any CPU
		{48B775C0-ADB4-407B-A7A3-E8A9651648CC}.Debug|Any CPU.Build.0 = Debug|Any CPU
		{48B775C0-ADB4-407B-A7A3-E8A9651648CC}.Release|Any CPU.ActiveCfg = Release|Any CPU
		{48B775C0-ADB4-407B-A7A3-E8A9651648CC}.Release|Any CPU.Build.0 = Release|Any CPU
		{48B775C0-ADB4-407B-A7A3-E8A9651648CC}.Debug|iPhoneSimulator.ActiveCfg = Debug|Any CPU
		{48B775C0-ADB4-407B-A7A3-E8A9651648CC}.Debug|iPhoneSimulator.Build.0 = Debug|Any CPU
		{48B775C0-ADB4-407B-A7A3-E8A9651648CC}.Release|iPhone.ActiveCfg = Release|Any CPU
		{48B775C0-ADB4-407B-A7A3-E8A9651648CC}.Release|iPhone.Build.0 = Release|Any CPU
		{48B775C0-ADB4-407B-A7A3-E8A9651648CC}.Release|iPhoneSimulator.ActiveCfg = Release|Any CPU
		{48B775C0-ADB4-407B-A7A3-E8A9651648CC}.Release|iPhoneSimulator.Build.0 = Release|Any CPU
		{48B775C0-ADB4-407B-A7A3-E8A9651648CC}.Debug|iPhone.ActiveCfg = Debug|Any CPU
		{48B775C0-ADB4-407B-A7A3-E8A9651648CC}.Debug|iPhone.Build.0 = Debug|Any CPU
		{ABC80958-4060-45EC-90C2-83BCDC85C64B}.Debug|Any CPU.ActiveCfg = Debug|Any CPU
		{ABC80958-4060-45EC-90C2-83BCDC85C64B}.Debug|Any CPU.Build.0 = Debug|Any CPU
		{ABC80958-4060-45EC-90C2-83BCDC85C64B}.Release|Any CPU.ActiveCfg = Release|Any CPU
		{ABC80958-4060-45EC-90C2-83BCDC85C64B}.Release|Any CPU.Build.0 = Release|Any CPU
		{ABC80958-4060-45EC-90C2-83BCDC85C64B}.Debug|iPhoneSimulator.ActiveCfg = Debug|Any CPU
		{ABC80958-4060-45EC-90C2-83BCDC85C64B}.Debug|iPhoneSimulator.Build.0 = Debug|Any CPU
		{ABC80958-4060-45EC-90C2-83BCDC85C64B}.Release|iPhone.ActiveCfg = Release|Any CPU
		{ABC80958-4060-45EC-90C2-83BCDC85C64B}.Release|iPhone.Build.0 = Release|Any CPU
		{ABC80958-4060-45EC-90C2-83BCDC85C64B}.Release|iPhoneSimulator.ActiveCfg = Release|Any CPU
		{ABC80958-4060-45EC-90C2-83BCDC85C64B}.Release|iPhoneSimulator.Build.0 = Release|Any CPU
		{ABC80958-4060-45EC-90C2-83BCDC85C64B}.Debug|iPhone.ActiveCfg = Debug|Any CPU
		{ABC80958-4060-45EC-90C2-83BCDC85C64B}.Debug|iPhone.Build.0 = Debug|Any CPU
		{196AD8C6-5A66-413F-B5F7-FD8030FEDA84}.Debug|Any CPU.ActiveCfg = Debug|Any CPU
		{196AD8C6-5A66-413F-B5F7-FD8030FEDA84}.Debug|Any CPU.Build.0 = Debug|Any CPU
		{196AD8C6-5A66-413F-B5F7-FD8030FEDA84}.Release|Any CPU.ActiveCfg = Release|Any CPU
		{196AD8C6-5A66-413F-B5F7-FD8030FEDA84}.Release|Any CPU.Build.0 = Release|Any CPU
		{196AD8C6-5A66-413F-B5F7-FD8030FEDA84}.Debug|iPhoneSimulator.ActiveCfg = Debug|Any CPU
		{196AD8C6-5A66-413F-B5F7-FD8030FEDA84}.Debug|iPhoneSimulator.Build.0 = Debug|Any CPU
		{196AD8C6-5A66-413F-B5F7-FD8030FEDA84}.Release|iPhone.ActiveCfg = Release|Any CPU
		{196AD8C6-5A66-413F-B5F7-FD8030FEDA84}.Release|iPhone.Build.0 = Release|Any CPU
		{196AD8C6-5A66-413F-B5F7-FD8030FEDA84}.Release|iPhoneSimulator.ActiveCfg = Release|Any CPU
		{196AD8C6-5A66-413F-B5F7-FD8030FEDA84}.Release|iPhoneSimulator.Build.0 = Release|Any CPU
		{196AD8C6-5A66-413F-B5F7-FD8030FEDA84}.Debug|iPhone.ActiveCfg = Debug|Any CPU
		{196AD8C6-5A66-413F-B5F7-FD8030FEDA84}.Debug|iPhone.Build.0 = Debug|Any CPU
		{1587379F-4BE6-4651-BD52-5AF818C2EC74}.Debug|Any CPU.ActiveCfg = Debug|Any CPU
		{1587379F-4BE6-4651-BD52-5AF818C2EC74}.Debug|Any CPU.Build.0 = Debug|Any CPU
		{1587379F-4BE6-4651-BD52-5AF818C2EC74}.Release|Any CPU.ActiveCfg = Release|Any CPU
		{1587379F-4BE6-4651-BD52-5AF818C2EC74}.Release|Any CPU.Build.0 = Release|Any CPU
		{1587379F-4BE6-4651-BD52-5AF818C2EC74}.Debug|iPhoneSimulator.ActiveCfg = Debug|Any CPU
		{1587379F-4BE6-4651-BD52-5AF818C2EC74}.Debug|iPhoneSimulator.Build.0 = Debug|Any CPU
		{1587379F-4BE6-4651-BD52-5AF818C2EC74}.Release|iPhone.ActiveCfg = Release|Any CPU
		{1587379F-4BE6-4651-BD52-5AF818C2EC74}.Release|iPhone.Build.0 = Release|Any CPU
		{1587379F-4BE6-4651-BD52-5AF818C2EC74}.Release|iPhoneSimulator.ActiveCfg = Release|Any CPU
		{1587379F-4BE6-4651-BD52-5AF818C2EC74}.Release|iPhoneSimulator.Build.0 = Release|Any CPU
		{1587379F-4BE6-4651-BD52-5AF818C2EC74}.Debug|iPhone.ActiveCfg = Debug|Any CPU
		{1587379F-4BE6-4651-BD52-5AF818C2EC74}.Debug|iPhone.Build.0 = Debug|Any CPU
		{A24629AF-44AE-4337-A6E3-6929086BF613}.Debug|Any CPU.ActiveCfg = Debug|Any CPU
		{A24629AF-44AE-4337-A6E3-6929086BF613}.Debug|Any CPU.Build.0 = Debug|Any CPU
		{A24629AF-44AE-4337-A6E3-6929086BF613}.Release|Any CPU.ActiveCfg = Release|Any CPU
		{A24629AF-44AE-4337-A6E3-6929086BF613}.Release|Any CPU.Build.0 = Release|Any CPU
		{A24629AF-44AE-4337-A6E3-6929086BF613}.Debug|iPhoneSimulator.ActiveCfg = Debug|Any CPU
		{A24629AF-44AE-4337-A6E3-6929086BF613}.Debug|iPhoneSimulator.Build.0 = Debug|Any CPU
		{A24629AF-44AE-4337-A6E3-6929086BF613}.Release|iPhone.ActiveCfg = Release|Any CPU
		{A24629AF-44AE-4337-A6E3-6929086BF613}.Release|iPhone.Build.0 = Release|Any CPU
		{A24629AF-44AE-4337-A6E3-6929086BF613}.Release|iPhoneSimulator.ActiveCfg = Release|Any CPU
		{A24629AF-44AE-4337-A6E3-6929086BF613}.Release|iPhoneSimulator.Build.0 = Release|Any CPU
		{A24629AF-44AE-4337-A6E3-6929086BF613}.Debug|iPhone.ActiveCfg = Debug|Any CPU
		{A24629AF-44AE-4337-A6E3-6929086BF613}.Debug|iPhone.Build.0 = Debug|Any CPU
		{24D9125B-B978-48B3-8A76-141F1E3FDECE}.Debug|Any CPU.ActiveCfg = Debug|Any CPU
		{24D9125B-B978-48B3-8A76-141F1E3FDECE}.Debug|Any CPU.Build.0 = Debug|Any CPU
		{24D9125B-B978-48B3-8A76-141F1E3FDECE}.Release|Any CPU.ActiveCfg = Release|Any CPU
		{24D9125B-B978-48B3-8A76-141F1E3FDECE}.Release|Any CPU.Build.0 = Release|Any CPU
		{24D9125B-B978-48B3-8A76-141F1E3FDECE}.Debug|iPhoneSimulator.ActiveCfg = Debug|Any CPU
		{24D9125B-B978-48B3-8A76-141F1E3FDECE}.Debug|iPhoneSimulator.Build.0 = Debug|Any CPU
		{24D9125B-B978-48B3-8A76-141F1E3FDECE}.Release|iPhone.ActiveCfg = Release|Any CPU
		{24D9125B-B978-48B3-8A76-141F1E3FDECE}.Release|iPhone.Build.0 = Release|Any CPU
		{24D9125B-B978-48B3-8A76-141F1E3FDECE}.Release|iPhoneSimulator.ActiveCfg = Release|Any CPU
		{24D9125B-B978-48B3-8A76-141F1E3FDECE}.Release|iPhoneSimulator.Build.0 = Release|Any CPU
		{24D9125B-B978-48B3-8A76-141F1E3FDECE}.Debug|iPhone.ActiveCfg = Debug|Any CPU
		{24D9125B-B978-48B3-8A76-141F1E3FDECE}.Debug|iPhone.Build.0 = Debug|Any CPU
		{A2E3193C-E2D9-48B4-8062-0AC5BD13D7A7}.Debug|Any CPU.ActiveCfg = Debug|Any CPU
		{A2E3193C-E2D9-48B4-8062-0AC5BD13D7A7}.Debug|Any CPU.Build.0 = Debug|Any CPU
		{A2E3193C-E2D9-48B4-8062-0AC5BD13D7A7}.Release|Any CPU.ActiveCfg = Release|Any CPU
		{A2E3193C-E2D9-48B4-8062-0AC5BD13D7A7}.Release|Any CPU.Build.0 = Release|Any CPU
		{A2E3193C-E2D9-48B4-8062-0AC5BD13D7A7}.Debug|iPhoneSimulator.ActiveCfg = Debug|Any CPU
		{A2E3193C-E2D9-48B4-8062-0AC5BD13D7A7}.Debug|iPhoneSimulator.Build.0 = Debug|Any CPU
		{A2E3193C-E2D9-48B4-8062-0AC5BD13D7A7}.Release|iPhone.ActiveCfg = Release|Any CPU
		{A2E3193C-E2D9-48B4-8062-0AC5BD13D7A7}.Release|iPhone.Build.0 = Release|Any CPU
		{A2E3193C-E2D9-48B4-8062-0AC5BD13D7A7}.Release|iPhoneSimulator.ActiveCfg = Release|Any CPU
		{A2E3193C-E2D9-48B4-8062-0AC5BD13D7A7}.Release|iPhoneSimulator.Build.0 = Release|Any CPU
		{A2E3193C-E2D9-48B4-8062-0AC5BD13D7A7}.Debug|iPhone.ActiveCfg = Debug|Any CPU
		{A2E3193C-E2D9-48B4-8062-0AC5BD13D7A7}.Debug|iPhone.Build.0 = Debug|Any CPU
		{7659F3DB-A196-43D2-B897-0ECEB935E961}.Debug|Any CPU.ActiveCfg = Debug|Any CPU
		{7659F3DB-A196-43D2-B897-0ECEB935E961}.Debug|Any CPU.Build.0 = Debug|Any CPU
		{7659F3DB-A196-43D2-B897-0ECEB935E961}.Release|Any CPU.ActiveCfg = Release|Any CPU
		{7659F3DB-A196-43D2-B897-0ECEB935E961}.Release|Any CPU.Build.0 = Release|Any CPU
		{7659F3DB-A196-43D2-B897-0ECEB935E961}.Debug|iPhoneSimulator.ActiveCfg = Debug|Any CPU
		{7659F3DB-A196-43D2-B897-0ECEB935E961}.Debug|iPhoneSimulator.Build.0 = Debug|Any CPU
		{7659F3DB-A196-43D2-B897-0ECEB935E961}.Release|iPhone.ActiveCfg = Release|Any CPU
		{7659F3DB-A196-43D2-B897-0ECEB935E961}.Release|iPhone.Build.0 = Release|Any CPU
		{7659F3DB-A196-43D2-B897-0ECEB935E961}.Release|iPhoneSimulator.ActiveCfg = Release|Any CPU
		{7659F3DB-A196-43D2-B897-0ECEB935E961}.Release|iPhoneSimulator.Build.0 = Release|Any CPU
		{7659F3DB-A196-43D2-B897-0ECEB935E961}.Debug|iPhone.ActiveCfg = Debug|Any CPU
		{7659F3DB-A196-43D2-B897-0ECEB935E961}.Debug|iPhone.Build.0 = Debug|Any CPU
		{830E413C-C426-4A06-9FB2-F8FF5D317F2E}.Debug|Any CPU.ActiveCfg = Debug|Any CPU
		{830E413C-C426-4A06-9FB2-F8FF5D317F2E}.Debug|Any CPU.Build.0 = Debug|Any CPU
		{830E413C-C426-4A06-9FB2-F8FF5D317F2E}.Release|Any CPU.ActiveCfg = Release|Any CPU
		{830E413C-C426-4A06-9FB2-F8FF5D317F2E}.Release|Any CPU.Build.0 = Release|Any CPU
		{830E413C-C426-4A06-9FB2-F8FF5D317F2E}.Debug|iPhoneSimulator.ActiveCfg = Debug|Any CPU
		{830E413C-C426-4A06-9FB2-F8FF5D317F2E}.Debug|iPhoneSimulator.Build.0 = Debug|Any CPU
		{830E413C-C426-4A06-9FB2-F8FF5D317F2E}.Release|iPhone.ActiveCfg = Release|Any CPU
		{830E413C-C426-4A06-9FB2-F8FF5D317F2E}.Release|iPhone.Build.0 = Release|Any CPU
		{830E413C-C426-4A06-9FB2-F8FF5D317F2E}.Release|iPhoneSimulator.ActiveCfg = Release|Any CPU
		{830E413C-C426-4A06-9FB2-F8FF5D317F2E}.Release|iPhoneSimulator.Build.0 = Release|Any CPU
		{830E413C-C426-4A06-9FB2-F8FF5D317F2E}.Debug|iPhone.ActiveCfg = Debug|Any CPU
		{830E413C-C426-4A06-9FB2-F8FF5D317F2E}.Debug|iPhone.Build.0 = Debug|Any CPU
		{964823A7-BE1B-4DB3-8804-5AAE669E7595}.Debug|Any CPU.ActiveCfg = Debug|Any CPU
		{964823A7-BE1B-4DB3-8804-5AAE669E7595}.Debug|Any CPU.Build.0 = Debug|Any CPU
		{964823A7-BE1B-4DB3-8804-5AAE669E7595}.Release|Any CPU.ActiveCfg = Release|Any CPU
		{964823A7-BE1B-4DB3-8804-5AAE669E7595}.Release|Any CPU.Build.0 = Release|Any CPU
		{964823A7-BE1B-4DB3-8804-5AAE669E7595}.Debug|iPhoneSimulator.ActiveCfg = Debug|Any CPU
		{964823A7-BE1B-4DB3-8804-5AAE669E7595}.Debug|iPhoneSimulator.Build.0 = Debug|Any CPU
		{964823A7-BE1B-4DB3-8804-5AAE669E7595}.Release|iPhone.ActiveCfg = Release|Any CPU
		{964823A7-BE1B-4DB3-8804-5AAE669E7595}.Release|iPhone.Build.0 = Release|Any CPU
		{964823A7-BE1B-4DB3-8804-5AAE669E7595}.Release|iPhoneSimulator.ActiveCfg = Release|Any CPU
		{964823A7-BE1B-4DB3-8804-5AAE669E7595}.Release|iPhoneSimulator.Build.0 = Release|Any CPU
		{964823A7-BE1B-4DB3-8804-5AAE669E7595}.Debug|iPhone.ActiveCfg = Debug|Any CPU
		{964823A7-BE1B-4DB3-8804-5AAE669E7595}.Debug|iPhone.Build.0 = Debug|Any CPU
		{D854DB53-C43F-4F63-8683-ABB4B28DA370}.Debug|Any CPU.ActiveCfg = Debug|Any CPU
		{D854DB53-C43F-4F63-8683-ABB4B28DA370}.Debug|Any CPU.Build.0 = Debug|Any CPU
		{D854DB53-C43F-4F63-8683-ABB4B28DA370}.Release|Any CPU.ActiveCfg = Release|Any CPU
		{D854DB53-C43F-4F63-8683-ABB4B28DA370}.Release|Any CPU.Build.0 = Release|Any CPU
		{D854DB53-C43F-4F63-8683-ABB4B28DA370}.Debug|iPhoneSimulator.ActiveCfg = Debug|Any CPU
		{D854DB53-C43F-4F63-8683-ABB4B28DA370}.Debug|iPhoneSimulator.Build.0 = Debug|Any CPU
		{D854DB53-C43F-4F63-8683-ABB4B28DA370}.Release|iPhone.ActiveCfg = Release|Any CPU
		{D854DB53-C43F-4F63-8683-ABB4B28DA370}.Release|iPhone.Build.0 = Release|Any CPU
		{D854DB53-C43F-4F63-8683-ABB4B28DA370}.Release|iPhoneSimulator.ActiveCfg = Release|Any CPU
		{D854DB53-C43F-4F63-8683-ABB4B28DA370}.Release|iPhoneSimulator.Build.0 = Release|Any CPU
		{D854DB53-C43F-4F63-8683-ABB4B28DA370}.Debug|iPhone.ActiveCfg = Debug|Any CPU
		{D854DB53-C43F-4F63-8683-ABB4B28DA370}.Debug|iPhone.Build.0 = Debug|Any CPU
		{8FA30B29-B1D2-42F9-A226-0701F61FC037}.Debug|Any CPU.ActiveCfg = Debug|Any CPU
		{8FA30B29-B1D2-42F9-A226-0701F61FC037}.Debug|Any CPU.Build.0 = Debug|Any CPU
		{8FA30B29-B1D2-42F9-A226-0701F61FC037}.Release|Any CPU.ActiveCfg = Release|Any CPU
		{8FA30B29-B1D2-42F9-A226-0701F61FC037}.Release|Any CPU.Build.0 = Release|Any CPU
		{8FA30B29-B1D2-42F9-A226-0701F61FC037}.Debug|iPhoneSimulator.ActiveCfg = Debug|Any CPU
		{8FA30B29-B1D2-42F9-A226-0701F61FC037}.Debug|iPhoneSimulator.Build.0 = Debug|Any CPU
		{8FA30B29-B1D2-42F9-A226-0701F61FC037}.Release|iPhone.ActiveCfg = Release|Any CPU
		{8FA30B29-B1D2-42F9-A226-0701F61FC037}.Release|iPhone.Build.0 = Release|Any CPU
		{8FA30B29-B1D2-42F9-A226-0701F61FC037}.Release|iPhoneSimulator.ActiveCfg = Release|Any CPU
		{8FA30B29-B1D2-42F9-A226-0701F61FC037}.Release|iPhoneSimulator.Build.0 = Release|Any CPU
		{8FA30B29-B1D2-42F9-A226-0701F61FC037}.Debug|iPhone.ActiveCfg = Debug|Any CPU
		{8FA30B29-B1D2-42F9-A226-0701F61FC037}.Debug|iPhone.Build.0 = Debug|Any CPU
		{C1FD9FD1-5A2E-4C7B-95C8-0463BF597506}.Debug|Any CPU.ActiveCfg = Debug|Any CPU
		{C1FD9FD1-5A2E-4C7B-95C8-0463BF597506}.Debug|Any CPU.Build.0 = Debug|Any CPU
		{C1FD9FD1-5A2E-4C7B-95C8-0463BF597506}.Release|Any CPU.ActiveCfg = Release|Any CPU
		{C1FD9FD1-5A2E-4C7B-95C8-0463BF597506}.Release|Any CPU.Build.0 = Release|Any CPU
		{C1FD9FD1-5A2E-4C7B-95C8-0463BF597506}.Debug|iPhoneSimulator.ActiveCfg = Debug|Any CPU
		{C1FD9FD1-5A2E-4C7B-95C8-0463BF597506}.Debug|iPhoneSimulator.Build.0 = Debug|Any CPU
		{C1FD9FD1-5A2E-4C7B-95C8-0463BF597506}.Release|iPhone.ActiveCfg = Release|Any CPU
		{C1FD9FD1-5A2E-4C7B-95C8-0463BF597506}.Release|iPhone.Build.0 = Release|Any CPU
		{C1FD9FD1-5A2E-4C7B-95C8-0463BF597506}.Release|iPhoneSimulator.ActiveCfg = Release|Any CPU
		{C1FD9FD1-5A2E-4C7B-95C8-0463BF597506}.Release|iPhoneSimulator.Build.0 = Release|Any CPU
		{C1FD9FD1-5A2E-4C7B-95C8-0463BF597506}.Debug|iPhone.ActiveCfg = Debug|Any CPU
		{C1FD9FD1-5A2E-4C7B-95C8-0463BF597506}.Debug|iPhone.Build.0 = Debug|Any CPU
		{1D9C8AE4-2AE4-4276-AEB2-5A8363FFD8D7}.Debug|Any CPU.ActiveCfg = Debug|Any CPU
		{1D9C8AE4-2AE4-4276-AEB2-5A8363FFD8D7}.Debug|Any CPU.Build.0 = Debug|Any CPU
		{1D9C8AE4-2AE4-4276-AEB2-5A8363FFD8D7}.Release|Any CPU.ActiveCfg = Release|Any CPU
		{1D9C8AE4-2AE4-4276-AEB2-5A8363FFD8D7}.Release|Any CPU.Build.0 = Release|Any CPU
		{1D9C8AE4-2AE4-4276-AEB2-5A8363FFD8D7}.Debug|iPhoneSimulator.ActiveCfg = Debug|Any CPU
		{1D9C8AE4-2AE4-4276-AEB2-5A8363FFD8D7}.Debug|iPhoneSimulator.Build.0 = Debug|Any CPU
		{1D9C8AE4-2AE4-4276-AEB2-5A8363FFD8D7}.Release|iPhone.ActiveCfg = Release|Any CPU
		{1D9C8AE4-2AE4-4276-AEB2-5A8363FFD8D7}.Release|iPhone.Build.0 = Release|Any CPU
		{1D9C8AE4-2AE4-4276-AEB2-5A8363FFD8D7}.Release|iPhoneSimulator.ActiveCfg = Release|Any CPU
		{1D9C8AE4-2AE4-4276-AEB2-5A8363FFD8D7}.Release|iPhoneSimulator.Build.0 = Release|Any CPU
		{1D9C8AE4-2AE4-4276-AEB2-5A8363FFD8D7}.Debug|iPhone.ActiveCfg = Debug|Any CPU
		{1D9C8AE4-2AE4-4276-AEB2-5A8363FFD8D7}.Debug|iPhone.Build.0 = Debug|Any CPU
		{2E690E9F-AF91-435E-9A10-1B2762E631DB}.Debug|Any CPU.ActiveCfg = Debug|Any CPU
		{2E690E9F-AF91-435E-9A10-1B2762E631DB}.Debug|Any CPU.Build.0 = Debug|Any CPU
		{2E690E9F-AF91-435E-9A10-1B2762E631DB}.Release|Any CPU.ActiveCfg = Release|Any CPU
		{2E690E9F-AF91-435E-9A10-1B2762E631DB}.Release|Any CPU.Build.0 = Release|Any CPU
		{2E690E9F-AF91-435E-9A10-1B2762E631DB}.Debug|iPhoneSimulator.ActiveCfg = Debug|Any CPU
		{2E690E9F-AF91-435E-9A10-1B2762E631DB}.Debug|iPhoneSimulator.Build.0 = Debug|Any CPU
		{2E690E9F-AF91-435E-9A10-1B2762E631DB}.Release|iPhone.ActiveCfg = Release|Any CPU
		{2E690E9F-AF91-435E-9A10-1B2762E631DB}.Release|iPhone.Build.0 = Release|Any CPU
		{2E690E9F-AF91-435E-9A10-1B2762E631DB}.Release|iPhoneSimulator.ActiveCfg = Release|Any CPU
		{2E690E9F-AF91-435E-9A10-1B2762E631DB}.Release|iPhoneSimulator.Build.0 = Release|Any CPU
		{2E690E9F-AF91-435E-9A10-1B2762E631DB}.Debug|iPhone.ActiveCfg = Debug|Any CPU
		{2E690E9F-AF91-435E-9A10-1B2762E631DB}.Debug|iPhone.Build.0 = Debug|Any CPU
	EndGlobalSection
EndGlobal
