
Microsoft Visual Studio Solution File, Format Version 12.00
# Visual Studio 15
VisualStudioVersion = 15.0.27130.2003
MinimumVisualStudioVersion = 10.0.40219.1
Project("{FAE04EC0-301F-11D3-BF4B-00C04F79EFBC}") = "FabricSdk.Touch", "FabricSdk.Touch\FabricSdk.Touch.csproj", "{C1FD9FD1-5A2E-4C7B-95C8-0463BF597506}"
EndProject
Project("{FAE04EC0-301F-11D3-BF4B-00C04F79EFBC}") = "FabricSdk.Droid", "FabricSdk.Droid\FabricSdk.Droid.csproj", "{8FA30B29-B1D2-42F9-A226-0701F61FC037}"
EndProject
Project("{FAE04EC0-301F-11D3-BF4B-00C04F79EFBC}") = "FabricSdk.Pcl", "FabricSdk.Pcl\FabricSdk.Pcl.csproj", "{1D9C8AE4-2AE4-4276-AEB2-5A8363FFD8D7}"
EndProject
Project("{FAE04EC0-301F-11D3-BF4B-00C04F79EFBC}") = "AnswersKit.Pcl", "AnswersKit.Pcl\AnswersKit.Pcl.csproj", "{48B775C0-ADB4-407B-A7A3-E8A9651648CC}"
EndProject
Project("{FAE04EC0-301F-11D3-BF4B-00C04F79EFBC}") = "AnswersKit.Droid", "AnswersKit.Droid\AnswersKit.Droid.csproj", "{F4E6BC88-6C89-4DBB-818F-4F93007E74E9}"
EndProject
Project("{FAE04EC0-301F-11D3-BF4B-00C04F79EFBC}") = "AnswersKit.Touch", "AnswersKit.Touch\AnswersKit.Touch.csproj", "{ABC80958-4060-45EC-90C2-83BCDC85C64B}"
EndProject
Project("{FAE04EC0-301F-11D3-BF4B-00C04F79EFBC}") = "CrashlyticsKit.Pcl", "CrashlyticsKit.Pcl\CrashlyticsKit.Pcl.csproj", "{24D9125B-B978-48B3-8A76-141F1E3FDECE}"
EndProject
Project("{FAE04EC0-301F-11D3-BF4B-00C04F79EFBC}") = "CrashlyticsKit.Droid", "CrashlyticsKit.Droid\CrashlyticsKit.Droid.csproj", "{A24629AF-44AE-4337-A6E3-6929086BF613}"
EndProject
Project("{FAE04EC0-301F-11D3-BF4B-00C04F79EFBC}") = "CrashlyticsKit.Touch", "CrashlyticsKit.Touch\CrashlyticsKit.Touch.csproj", "{A2E3193C-E2D9-48B4-8062-0AC5BD13D7A7}"
EndProject
Project("{FAE04EC0-301F-11D3-BF4B-00C04F79EFBC}") = "AnswersKit", "AnswersKit\AnswersKit.csproj", "{B2D1B367-2FEF-4B8E-9DA7-BC858A24A206}"
EndProject
Project("{FAE04EC0-301F-11D3-BF4B-00C04F79EFBC}") = "FabricSdk", "FabricSdk\FabricSdk.csproj", "{BB4053FC-3695-490A-83E8-631F0BE6B5EE}"
EndProject
Project("{FAE04EC0-301F-11D3-BF4B-00C04F79EFBC}") = "CrashlyticsKit", "CrashlyticsKit\CrashlyticsKit.csproj", "{196AD8C6-5A66-413F-B5F7-FD8030FEDA84}"
EndProject
Project("{FAE04EC0-301F-11D3-BF4B-00C04F79EFBC}") = "TwitterCore.Droid", "TwitterCore.Droid\TwitterCore.Droid.csproj", "{2E690E9F-AF91-435E-9A10-1B2762E631DB}"
EndProject
Project("{FAE04EC0-301F-11D3-BF4B-00C04F79EFBC}") = "TwitterCore.Touch", "TwitterCore.Touch\TwitterCore.Touch.csproj", "{08F5ADDB-C9C0-4132-A710-CAED30232620}"
EndProject
Project("{FAE04EC0-301F-11D3-BF4B-00C04F79EFBC}") = "CrashlyticsKit.Answers.Touch", "CrashlyticsKit.Answers.Touch\CrashlyticsKit.Answers.Touch.csproj", "{1587379F-4BE6-4651-BD52-5AF818C2EC74}"
EndProject
Global
	GlobalSection(SolutionConfigurationPlatforms) = preSolution
		AppStore|Any CPU = AppStore|Any CPU
		Debug|Any CPU = Debug|Any CPU
		Release|Any CPU = Release|Any CPU
	EndGlobalSection
	GlobalSection(ProjectConfigurationPlatforms) = postSolution
		{C1FD9FD1-5A2E-4C7B-95C8-0463BF597506}.AppStore|Any CPU.ActiveCfg = Release|Any CPU
		{C1FD9FD1-5A2E-4C7B-95C8-0463BF597506}.AppStore|Any CPU.Build.0 = Release|Any CPU
		{C1FD9FD1-5A2E-4C7B-95C8-0463BF597506}.Debug|Any CPU.ActiveCfg = Debug|Any CPU
		{C1FD9FD1-5A2E-4C7B-95C8-0463BF597506}.Debug|Any CPU.Build.0 = Debug|Any CPU
		{C1FD9FD1-5A2E-4C7B-95C8-0463BF597506}.Release|Any CPU.ActiveCfg = Release|Any CPU
		{C1FD9FD1-5A2E-4C7B-95C8-0463BF597506}.Release|Any CPU.Build.0 = Release|Any CPU
		{8FA30B29-B1D2-42F9-A226-0701F61FC037}.AppStore|Any CPU.ActiveCfg = Release|Any CPU
		{8FA30B29-B1D2-42F9-A226-0701F61FC037}.AppStore|Any CPU.Build.0 = Release|Any CPU
		{8FA30B29-B1D2-42F9-A226-0701F61FC037}.Debug|Any CPU.ActiveCfg = Debug|Any CPU
		{8FA30B29-B1D2-42F9-A226-0701F61FC037}.Debug|Any CPU.Build.0 = Debug|Any CPU
		{8FA30B29-B1D2-42F9-A226-0701F61FC037}.Release|Any CPU.ActiveCfg = Release|Any CPU
		{8FA30B29-B1D2-42F9-A226-0701F61FC037}.Release|Any CPU.Build.0 = Release|Any CPU
		{1D9C8AE4-2AE4-4276-AEB2-5A8363FFD8D7}.AppStore|Any CPU.ActiveCfg = Release|Any CPU
		{1D9C8AE4-2AE4-4276-AEB2-5A8363FFD8D7}.AppStore|Any CPU.Build.0 = Release|Any CPU
		{1D9C8AE4-2AE4-4276-AEB2-5A8363FFD8D7}.Debug|Any CPU.ActiveCfg = Debug|Any CPU
		{1D9C8AE4-2AE4-4276-AEB2-5A8363FFD8D7}.Debug|Any CPU.Build.0 = Debug|Any CPU
		{1D9C8AE4-2AE4-4276-AEB2-5A8363FFD8D7}.Release|Any CPU.ActiveCfg = Release|Any CPU
		{1D9C8AE4-2AE4-4276-AEB2-5A8363FFD8D7}.Release|Any CPU.Build.0 = Release|Any CPU
		{48B775C0-ADB4-407B-A7A3-E8A9651648CC}.AppStore|Any CPU.ActiveCfg = Release|Any CPU
		{48B775C0-ADB4-407B-A7A3-E8A9651648CC}.AppStore|Any CPU.Build.0 = Release|Any CPU
		{48B775C0-ADB4-407B-A7A3-E8A9651648CC}.Debug|Any CPU.ActiveCfg = Debug|Any CPU
		{48B775C0-ADB4-407B-A7A3-E8A9651648CC}.Debug|Any CPU.Build.0 = Debug|Any CPU
		{48B775C0-ADB4-407B-A7A3-E8A9651648CC}.Release|Any CPU.ActiveCfg = Release|Any CPU
		{48B775C0-ADB4-407B-A7A3-E8A9651648CC}.Release|Any CPU.Build.0 = Release|Any CPU
		{F4E6BC88-6C89-4DBB-818F-4F93007E74E9}.AppStore|Any CPU.ActiveCfg = Release|Any CPU
		{F4E6BC88-6C89-4DBB-818F-4F93007E74E9}.AppStore|Any CPU.Build.0 = Release|Any CPU
		{F4E6BC88-6C89-4DBB-818F-4F93007E74E9}.Debug|Any CPU.ActiveCfg = Debug|Any CPU
		{F4E6BC88-6C89-4DBB-818F-4F93007E74E9}.Debug|Any CPU.Build.0 = Debug|Any CPU
		{F4E6BC88-6C89-4DBB-818F-4F93007E74E9}.Release|Any CPU.ActiveCfg = Release|Any CPU
		{F4E6BC88-6C89-4DBB-818F-4F93007E74E9}.Release|Any CPU.Build.0 = Release|Any CPU
		{ABC80958-4060-45EC-90C2-83BCDC85C64B}.AppStore|Any CPU.ActiveCfg = Release|Any CPU
		{ABC80958-4060-45EC-90C2-83BCDC85C64B}.AppStore|Any CPU.Build.0 = Release|Any CPU
		{ABC80958-4060-45EC-90C2-83BCDC85C64B}.Debug|Any CPU.ActiveCfg = Debug|Any CPU
		{ABC80958-4060-45EC-90C2-83BCDC85C64B}.Debug|Any CPU.Build.0 = Debug|Any CPU
		{ABC80958-4060-45EC-90C2-83BCDC85C64B}.Release|Any CPU.ActiveCfg = Release|Any CPU
		{ABC80958-4060-45EC-90C2-83BCDC85C64B}.Release|Any CPU.Build.0 = Release|Any CPU
		{24D9125B-B978-48B3-8A76-141F1E3FDECE}.AppStore|Any CPU.ActiveCfg = Release|Any CPU
		{24D9125B-B978-48B3-8A76-141F1E3FDECE}.AppStore|Any CPU.Build.0 = Release|Any CPU
		{24D9125B-B978-48B3-8A76-141F1E3FDECE}.Debug|Any CPU.ActiveCfg = Debug|Any CPU
		{24D9125B-B978-48B3-8A76-141F1E3FDECE}.Debug|Any CPU.Build.0 = Debug|Any CPU
		{24D9125B-B978-48B3-8A76-141F1E3FDECE}.Release|Any CPU.ActiveCfg = Release|Any CPU
		{24D9125B-B978-48B3-8A76-141F1E3FDECE}.Release|Any CPU.Build.0 = Release|Any CPU
		{A24629AF-44AE-4337-A6E3-6929086BF613}.AppStore|Any CPU.ActiveCfg = Release|Any CPU
		{A24629AF-44AE-4337-A6E3-6929086BF613}.AppStore|Any CPU.Build.0 = Release|Any CPU
		{A24629AF-44AE-4337-A6E3-6929086BF613}.Debug|Any CPU.ActiveCfg = Debug|Any CPU
		{A24629AF-44AE-4337-A6E3-6929086BF613}.Debug|Any CPU.Build.0 = Debug|Any CPU
		{A24629AF-44AE-4337-A6E3-6929086BF613}.Release|Any CPU.ActiveCfg = Release|Any CPU
		{A24629AF-44AE-4337-A6E3-6929086BF613}.Release|Any CPU.Build.0 = Release|Any CPU
		{A2E3193C-E2D9-48B4-8062-0AC5BD13D7A7}.AppStore|Any CPU.ActiveCfg = Release|Any CPU
		{A2E3193C-E2D9-48B4-8062-0AC5BD13D7A7}.AppStore|Any CPU.Build.0 = Release|Any CPU
		{A2E3193C-E2D9-48B4-8062-0AC5BD13D7A7}.Debug|Any CPU.ActiveCfg = Debug|Any CPU
		{A2E3193C-E2D9-48B4-8062-0AC5BD13D7A7}.Debug|Any CPU.Build.0 = Debug|Any CPU
		{A2E3193C-E2D9-48B4-8062-0AC5BD13D7A7}.Release|Any CPU.ActiveCfg = Release|Any CPU
		{A2E3193C-E2D9-48B4-8062-0AC5BD13D7A7}.Release|Any CPU.Build.0 = Release|Any CPU
		{B2D1B367-2FEF-4B8E-9DA7-BC858A24A206}.AppStore|Any CPU.ActiveCfg = Release|Any CPU
		{B2D1B367-2FEF-4B8E-9DA7-BC858A24A206}.AppStore|Any CPU.Build.0 = Release|Any CPU
		{B2D1B367-2FEF-4B8E-9DA7-BC858A24A206}.Debug|Any CPU.ActiveCfg = Debug|Any CPU
		{B2D1B367-2FEF-4B8E-9DA7-BC858A24A206}.Debug|Any CPU.Build.0 = Debug|Any CPU
		{B2D1B367-2FEF-4B8E-9DA7-BC858A24A206}.Release|Any CPU.ActiveCfg = Release|Any CPU
		{B2D1B367-2FEF-4B8E-9DA7-BC858A24A206}.Release|Any CPU.Build.0 = Release|Any CPU
		{BB4053FC-3695-490A-83E8-631F0BE6B5EE}.AppStore|Any CPU.ActiveCfg = Release|Any CPU
		{BB4053FC-3695-490A-83E8-631F0BE6B5EE}.AppStore|Any CPU.Build.0 = Release|Any CPU
		{BB4053FC-3695-490A-83E8-631F0BE6B5EE}.Debug|Any CPU.ActiveCfg = Debug|Any CPU
		{BB4053FC-3695-490A-83E8-631F0BE6B5EE}.Debug|Any CPU.Build.0 = Debug|Any CPU
		{BB4053FC-3695-490A-83E8-631F0BE6B5EE}.Release|Any CPU.ActiveCfg = Release|Any CPU
		{BB4053FC-3695-490A-83E8-631F0BE6B5EE}.Release|Any CPU.Build.0 = Release|Any CPU
		{196AD8C6-5A66-413F-B5F7-FD8030FEDA84}.AppStore|Any CPU.ActiveCfg = Release|Any CPU
		{196AD8C6-5A66-413F-B5F7-FD8030FEDA84}.AppStore|Any CPU.Build.0 = Release|Any CPU
		{196AD8C6-5A66-413F-B5F7-FD8030FEDA84}.Debug|Any CPU.ActiveCfg = Debug|Any CPU
		{196AD8C6-5A66-413F-B5F7-FD8030FEDA84}.Debug|Any CPU.Build.0 = Debug|Any CPU
		{196AD8C6-5A66-413F-B5F7-FD8030FEDA84}.Release|Any CPU.ActiveCfg = Release|Any CPU
		{196AD8C6-5A66-413F-B5F7-FD8030FEDA84}.Release|Any CPU.Build.0 = Release|Any CPU
		{2E690E9F-AF91-435E-9A10-1B2762E631DB}.AppStore|Any CPU.ActiveCfg = Release|Any CPU
		{2E690E9F-AF91-435E-9A10-1B2762E631DB}.AppStore|Any CPU.Build.0 = Release|Any CPU
		{2E690E9F-AF91-435E-9A10-1B2762E631DB}.Debug|Any CPU.ActiveCfg = Debug|Any CPU
		{2E690E9F-AF91-435E-9A10-1B2762E631DB}.Debug|Any CPU.Build.0 = Debug|Any CPU
		{2E690E9F-AF91-435E-9A10-1B2762E631DB}.Release|Any CPU.ActiveCfg = Release|Any CPU
		{2E690E9F-AF91-435E-9A10-1B2762E631DB}.Release|Any CPU.Build.0 = Release|Any CPU
		{08F5ADDB-C9C0-4132-A710-CAED30232620}.AppStore|Any CPU.ActiveCfg = Release|Any CPU
		{08F5ADDB-C9C0-4132-A710-CAED30232620}.AppStore|Any CPU.Build.0 = Release|Any CPU
		{08F5ADDB-C9C0-4132-A710-CAED30232620}.Debug|Any CPU.ActiveCfg = Debug|Any CPU
		{08F5ADDB-C9C0-4132-A710-CAED30232620}.Debug|Any CPU.Build.0 = Debug|Any CPU
		{08F5ADDB-C9C0-4132-A710-CAED30232620}.Release|Any CPU.ActiveCfg = Release|Any CPU
		{08F5ADDB-C9C0-4132-A710-CAED30232620}.Release|Any CPU.Build.0 = Release|Any CPU
		{1587379F-4BE6-4651-BD52-5AF818C2EC74}.AppStore|Any CPU.ActiveCfg = Release|Any CPU
		{1587379F-4BE6-4651-BD52-5AF818C2EC74}.AppStore|Any CPU.Build.0 = Release|Any CPU
		{1587379F-4BE6-4651-BD52-5AF818C2EC74}.Debug|Any CPU.ActiveCfg = Debug|Any CPU
		{1587379F-4BE6-4651-BD52-5AF818C2EC74}.Debug|Any CPU.Build.0 = Debug|Any CPU
		{1587379F-4BE6-4651-BD52-5AF818C2EC74}.Release|Any CPU.ActiveCfg = Release|Any CPU
		{1587379F-4BE6-4651-BD52-5AF818C2EC74}.Release|Any CPU.Build.0 = Release|Any CPU
	EndGlobalSection
	GlobalSection(SolutionProperties) = preSolution
		HideSolutionNode = FALSE
	EndGlobalSection
	GlobalSection(ExtensibilityGlobals) = postSolution
		SolutionGuid = {A0C26E66-CDC9-4A79-B889-86C4AC08C164}
	EndGlobalSection
EndGlobal
